// !$*UTF8*$!
{
	archiveVersion = 1;
	classes = {
	};
	objectVersion = 51;
	objects = {

/* Begin PBXBuildFile section */
		C801E5E1275CCD21008D7120 /* NewsfeedViewController.storyboard in Resources */ = {isa = PBXBuildFile; fileRef = C801E5E0275CCD21008D7120 /* NewsfeedViewController.storyboard */; };
		C801E5E4275CF261008D7120 /* NewsfeedCell.swift in Sources */ = {isa = PBXBuildFile; fileRef = C801E5E3275CF261008D7120 /* NewsfeedCell.swift */; };
		C801E5E6275CF309008D7120 /* NewsfeedCell.xib in Resources */ = {isa = PBXBuildFile; fileRef = C801E5E5275CF309008D7120 /* NewsfeedCell.xib */; };
		C88B16B1275B75CC00D2F7A1 /* NetworkService.swift in Sources */ = {isa = PBXBuildFile; fileRef = C88B16B0275B75CC00D2F7A1 /* NetworkService.swift */; };
		C88B16B3275B778E00D2F7A1 /* API.swift in Sources */ = {isa = PBXBuildFile; fileRef = C88B16B2275B778E00D2F7A1 /* API.swift */; };
		C88B16B6275B99B800D2F7A1 /* FeedResponse.swift in Sources */ = {isa = PBXBuildFile; fileRef = C88B16B5275B99B800D2F7A1 /* FeedResponse.swift */; };
		C88B16B8275BA1D900D2F7A1 /* NetworkDataFetcher.swift in Sources */ = {isa = PBXBuildFile; fileRef = C88B16B7275BA1D900D2F7A1 /* NetworkDataFetcher.swift */; };
		C88B16C1275BB11800D2F7A1 /* NewsfeedPresenter.swift in Sources */ = {isa = PBXBuildFile; fileRef = C88B16BA275BB11800D2F7A1 /* NewsfeedPresenter.swift */; };
		C88B16C2275BB11800D2F7A1 /* NewsfeedWorker.swift in Sources */ = {isa = PBXBuildFile; fileRef = C88B16BB275BB11800D2F7A1 /* NewsfeedWorker.swift */; };
		C88B16C3275BB11800D2F7A1 /* NewsfeedRouter.swift in Sources */ = {isa = PBXBuildFile; fileRef = C88B16BC275BB11800D2F7A1 /* NewsfeedRouter.swift */; };
		C88B16C4275BB11800D2F7A1 /* NewsfeedModels.swift in Sources */ = {isa = PBXBuildFile; fileRef = C88B16BD275BB11800D2F7A1 /* NewsfeedModels.swift */; };
		C88B16C5275BB11800D2F7A1 /* NewsfeedViewController.swift in Sources */ = {isa = PBXBuildFile; fileRef = C88B16BE275BB11800D2F7A1 /* NewsfeedViewController.swift */; };
		C88B16C6275BB11800D2F7A1 /* NewsfeedInteractor.swift in Sources */ = {isa = PBXBuildFile; fileRef = C88B16BF275BB11800D2F7A1 /* NewsfeedInteractor.swift */; };
		C8DFA2E92760CC860038097D /* NewsfeedCellLayoutCalculator.swift in Sources */ = {isa = PBXBuildFile; fileRef = C8DFA2E82760CC860038097D /* NewsfeedCellLayoutCalculator.swift */; };
		C8DFA2EB2760F3880038097D /* String + Height.swift in Sources */ = {isa = PBXBuildFile; fileRef = C8DFA2EA2760F3880038097D /* String + Height.swift */; };
		C8EF380F275A26C60064EECC /* AppDelegate.swift in Sources */ = {isa = PBXBuildFile; fileRef = C8EF380E275A26C60064EECC /* AppDelegate.swift */; };
		C8EF3811275A26C60064EECC /* SceneDelegate.swift in Sources */ = {isa = PBXBuildFile; fileRef = C8EF3810275A26C60064EECC /* SceneDelegate.swift */; };
		C8EF3813275A26C60064EECC /* AuthViewController.swift in Sources */ = {isa = PBXBuildFile; fileRef = C8EF3812275A26C60064EECC /* AuthViewController.swift */; };
		C8EF3818275A26CA0064EECC /* Assets.xcassets in Resources */ = {isa = PBXBuildFile; fileRef = C8EF3817275A26CA0064EECC /* Assets.xcassets */; };
		C8EF381B275A26CA0064EECC /* LaunchScreen.storyboard in Resources */ = {isa = PBXBuildFile; fileRef = C8EF3819275A26CA0064EECC /* LaunchScreen.storyboard */; };
		C8EF3823275A2D130064EECC /* AuthService.swift in Sources */ = {isa = PBXBuildFile; fileRef = C8EF3822275A2D130064EECC /* AuthService.swift */; };
		C8EF3826275A32A80064EECC /* AuthViewController.storyboard in Resources */ = {isa = PBXBuildFile; fileRef = C8EF3825275A32A80064EECC /* AuthViewController.storyboard */; };
		C8F643A4275F988700434437 /* WebImageView.swift in Sources */ = {isa = PBXBuildFile; fileRef = C8F643A3275F988700434437 /* WebImageView.swift */; };
		DE5CFABA90D76D5E914455FC /* Pods_VKNewsFeed.framework in Frameworks */ = {isa = PBXBuildFile; fileRef = E22115C01C2325E058FA0059 /* Pods_VKNewsFeed.framework */; };
/* End PBXBuildFile section */

/* Begin PBXFileReference section */
		031B1FA4FCF763974D0271DE /* Pods-VKNewsFeed.release.xcconfig */ = {isa = PBXFileReference; includeInIndex = 1; lastKnownFileType = text.xcconfig; name = "Pods-VKNewsFeed.release.xcconfig"; path = "Target Support Files/Pods-VKNewsFeed/Pods-VKNewsFeed.release.xcconfig"; sourceTree = "<group>"; };
		C801E5E0275CCD21008D7120 /* NewsfeedViewController.storyboard */ = {isa = PBXFileReference; lastKnownFileType = file.storyboard; path = NewsfeedViewController.storyboard; sourceTree = "<group>"; };
		C801E5E3275CF261008D7120 /* NewsfeedCell.swift */ = {isa = PBXFileReference; lastKnownFileType = sourcecode.swift; path = NewsfeedCell.swift; sourceTree = "<group>"; };
		C801E5E5275CF309008D7120 /* NewsfeedCell.xib */ = {isa = PBXFileReference; lastKnownFileType = file.xib; path = NewsfeedCell.xib; sourceTree = "<group>"; };
		C88B16B0275B75CC00D2F7A1 /* NetworkService.swift */ = {isa = PBXFileReference; lastKnownFileType = sourcecode.swift; path = NetworkService.swift; sourceTree = "<group>"; };
		C88B16B2275B778E00D2F7A1 /* API.swift */ = {isa = PBXFileReference; lastKnownFileType = sourcecode.swift; path = API.swift; sourceTree = "<group>"; };
		C88B16B5275B99B800D2F7A1 /* FeedResponse.swift */ = {isa = PBXFileReference; lastKnownFileType = sourcecode.swift; path = FeedResponse.swift; sourceTree = "<group>"; };
		C88B16B7275BA1D900D2F7A1 /* NetworkDataFetcher.swift */ = {isa = PBXFileReference; lastKnownFileType = sourcecode.swift; path = NetworkDataFetcher.swift; sourceTree = "<group>"; };
		C88B16BA275BB11800D2F7A1 /* NewsfeedPresenter.swift */ = {isa = PBXFileReference; lastKnownFileType = sourcecode.swift; path = NewsfeedPresenter.swift; sourceTree = "<group>"; };
		C88B16BB275BB11800D2F7A1 /* NewsfeedWorker.swift */ = {isa = PBXFileReference; lastKnownFileType = sourcecode.swift; path = NewsfeedWorker.swift; sourceTree = "<group>"; };
		C88B16BC275BB11800D2F7A1 /* NewsfeedRouter.swift */ = {isa = PBXFileReference; lastKnownFileType = sourcecode.swift; path = NewsfeedRouter.swift; sourceTree = "<group>"; };
		C88B16BD275BB11800D2F7A1 /* NewsfeedModels.swift */ = {isa = PBXFileReference; lastKnownFileType = sourcecode.swift; path = NewsfeedModels.swift; sourceTree = "<group>"; };
		C88B16BE275BB11800D2F7A1 /* NewsfeedViewController.swift */ = {isa = PBXFileReference; lastKnownFileType = sourcecode.swift; path = NewsfeedViewController.swift; sourceTree = "<group>"; };
		C88B16BF275BB11800D2F7A1 /* NewsfeedInteractor.swift */ = {isa = PBXFileReference; lastKnownFileType = sourcecode.swift; path = NewsfeedInteractor.swift; sourceTree = "<group>"; };
		C8DFA2E82760CC860038097D /* NewsfeedCellLayoutCalculator.swift */ = {isa = PBXFileReference; lastKnownFileType = sourcecode.swift; path = NewsfeedCellLayoutCalculator.swift; sourceTree = "<group>"; };
		C8DFA2EA2760F3880038097D /* String + Height.swift */ = {isa = PBXFileReference; lastKnownFileType = sourcecode.swift; path = "String + Height.swift"; sourceTree = "<group>"; };
		C8EF380B275A26C60064EECC /* VKNewsFeed.app */ = {isa = PBXFileReference; explicitFileType = wrapper.application; includeInIndex = 0; path = VKNewsFeed.app; sourceTree = BUILT_PRODUCTS_DIR; };
		C8EF380E275A26C60064EECC /* AppDelegate.swift */ = {isa = PBXFileReference; lastKnownFileType = sourcecode.swift; path = AppDelegate.swift; sourceTree = "<group>"; };
		C8EF3810275A26C60064EECC /* SceneDelegate.swift */ = {isa = PBXFileReference; lastKnownFileType = sourcecode.swift; path = SceneDelegate.swift; sourceTree = "<group>"; };
		C8EF3812275A26C60064EECC /* AuthViewController.swift */ = {isa = PBXFileReference; lastKnownFileType = sourcecode.swift; path = AuthViewController.swift; sourceTree = "<group>"; };
		C8EF3817275A26CA0064EECC /* Assets.xcassets */ = {isa = PBXFileReference; lastKnownFileType = folder.assetcatalog; path = Assets.xcassets; sourceTree = "<group>"; };
		C8EF381A275A26CA0064EECC /* Base */ = {isa = PBXFileReference; lastKnownFileType = file.storyboard; name = Base; path = Base.lproj/LaunchScreen.storyboard; sourceTree = "<group>"; };
		C8EF381C275A26CA0064EECC /* Info.plist */ = {isa = PBXFileReference; lastKnownFileType = text.plist.xml; path = Info.plist; sourceTree = "<group>"; };
		C8EF3822275A2D130064EECC /* AuthService.swift */ = {isa = PBXFileReference; lastKnownFileType = sourcecode.swift; path = AuthService.swift; sourceTree = "<group>"; };
		C8EF3825275A32A80064EECC /* AuthViewController.storyboard */ = {isa = PBXFileReference; lastKnownFileType = file.storyboard; path = AuthViewController.storyboard; sourceTree = "<group>"; };
		C8F643A3275F988700434437 /* WebImageView.swift */ = {isa = PBXFileReference; lastKnownFileType = sourcecode.swift; path = WebImageView.swift; sourceTree = "<group>"; };
		E22115C01C2325E058FA0059 /* Pods_VKNewsFeed.framework */ = {isa = PBXFileReference; explicitFileType = wrapper.framework; includeInIndex = 0; path = Pods_VKNewsFeed.framework; sourceTree = BUILT_PRODUCTS_DIR; };
		ED58E466E2D3BC727D92BFF5 /* Pods-VKNewsFeed.debug.xcconfig */ = {isa = PBXFileReference; includeInIndex = 1; lastKnownFileType = text.xcconfig; name = "Pods-VKNewsFeed.debug.xcconfig"; path = "Target Support Files/Pods-VKNewsFeed/Pods-VKNewsFeed.debug.xcconfig"; sourceTree = "<group>"; };
/* End PBXFileReference section */

/* Begin PBXFrameworksBuildPhase section */
		C8EF3808275A26C60064EECC /* Frameworks */ = {
			isa = PBXFrameworksBuildPhase;
			buildActionMask = 2147483647;
			files = (
				DE5CFABA90D76D5E914455FC /* Pods_VKNewsFeed.framework in Frameworks */,
			);
			runOnlyForDeploymentPostprocessing = 0;
		};
/* End PBXFrameworksBuildPhase section */

/* Begin PBXGroup section */
		0E9E73C087BFBAB8ECC55C7C /* Frameworks */ = {
			isa = PBXGroup;
			children = (
				E22115C01C2325E058FA0059 /* Pods_VKNewsFeed.framework */,
			);
			name = Frameworks;
			sourceTree = "<group>";
		};
		5B0C5048FFC742F30C57A146 /* Pods */ = {
			isa = PBXGroup;
			children = (
				ED58E466E2D3BC727D92BFF5 /* Pods-VKNewsFeed.debug.xcconfig */,
				031B1FA4FCF763974D0271DE /* Pods-VKNewsFeed.release.xcconfig */,
			);
			path = Pods;
			sourceTree = "<group>";
		};
		C801E5E2275CF234008D7120 /* Cell */ = {
			isa = PBXGroup;
			children = (
				C801E5E3275CF261008D7120 /* NewsfeedCell.swift */,
				C8DFA2E82760CC860038097D /* NewsfeedCellLayoutCalculator.swift */,
				C801E5E5275CF309008D7120 /* NewsfeedCell.xib */,
			);
			path = Cell;
			sourceTree = "<group>";
		};
		C88B16B4275B997D00D2F7A1 /* Models */ = {
			isa = PBXGroup;
			children = (
				C88B16B5275B99B800D2F7A1 /* FeedResponse.swift */,
			);
			path = Models;
			sourceTree = "<group>";
		};
		C88B16B9275BB0B400D2F7A1 /* Newsfeed */ = {
			isa = PBXGroup;
			children = (
				C801E5E2275CF234008D7120 /* Cell */,
				C801E5E0275CCD21008D7120 /* NewsfeedViewController.storyboard */,
				C88B16BE275BB11800D2F7A1 /* NewsfeedViewController.swift */,
				C88B16BF275BB11800D2F7A1 /* NewsfeedInteractor.swift */,
				C88B16BA275BB11800D2F7A1 /* NewsfeedPresenter.swift */,
				C88B16BD275BB11800D2F7A1 /* NewsfeedModels.swift */,
				C88B16BB275BB11800D2F7A1 /* NewsfeedWorker.swift */,
				C88B16BC275BB11800D2F7A1 /* NewsfeedRouter.swift */,
			);
			path = Newsfeed;
			sourceTree = "<group>";
		};
		C8EF3802275A26C60064EECC = {
			isa = PBXGroup;
			children = (
				C8EF380D275A26C60064EECC /* VKNewsFeed */,
				C8EF380C275A26C60064EECC /* Products */,
				5B0C5048FFC742F30C57A146 /* Pods */,
				0E9E73C087BFBAB8ECC55C7C /* Frameworks */,
			);
			sourceTree = "<group>";
		};
		C8EF380C275A26C60064EECC /* Products */ = {
			isa = PBXGroup;
			children = (
				C8EF380B275A26C60064EECC /* VKNewsFeed.app */,
			);
			name = Products;
			sourceTree = "<group>";
		};
		C8EF380D275A26C60064EECC /* VKNewsFeed */ = {
			isa = PBXGroup;
			children = (
				C8EF380E275A26C60064EECC /* AppDelegate.swift */,
				C8EF3810275A26C60064EECC /* SceneDelegate.swift */,
				C8EF382C275A59230064EECC /* Auth */,
				C88B16B9275BB0B400D2F7A1 /* Newsfeed */,
				C8EF3824275A2D2C0064EECC /* Services */,
				C8F643A2275F985400434437 /* Helpers */,
				C8EF3817275A26CA0064EECC /* Assets.xcassets */,
				C8EF3819275A26CA0064EECC /* LaunchScreen.storyboard */,
				C8EF381C275A26CA0064EECC /* Info.plist */,
			);
			path = VKNewsFeed;
			sourceTree = "<group>";
		};
		C8EF3824275A2D2C0064EECC /* Services */ = {
			isa = PBXGroup;
			children = (
				C88B16B4275B997D00D2F7A1 /* Models */,
				C8EF3822275A2D130064EECC /* AuthService.swift */,
				C88B16B0275B75CC00D2F7A1 /* NetworkService.swift */,
				C88B16B2275B778E00D2F7A1 /* API.swift */,
				C88B16B7275BA1D900D2F7A1 /* NetworkDataFetcher.swift */,
			);
			path = Services;
			sourceTree = "<group>";
		};
		C8EF382C275A59230064EECC /* Auth */ = {
			isa = PBXGroup;
			children = (
				C8EF3812275A26C60064EECC /* AuthViewController.swift */,
				C8EF3825275A32A80064EECC /* AuthViewController.storyboard */,
			);
			path = Auth;
			sourceTree = "<group>";
		};
		C8F643A2275F985400434437 /* Helpers */ = {
			isa = PBXGroup;
			children = (
				C8F643A3275F988700434437 /* WebImageView.swift */,
				C8DFA2EA2760F3880038097D /* String + Height.swift */,
			);
			path = Helpers;
			sourceTree = "<group>";
		};
/* End PBXGroup section */

/* Begin PBXNativeTarget section */
		C8EF380A275A26C60064EECC /* VKNewsFeed */ = {
			isa = PBXNativeTarget;
			buildConfigurationList = C8EF381F275A26CA0064EECC /* Build configuration list for PBXNativeTarget "VKNewsFeed" */;
			buildPhases = (
				1E60B8B7B6209929B4F13962 /* [CP] Check Pods Manifest.lock */,
				C8EF3807275A26C60064EECC /* Sources */,
				C8EF3808275A26C60064EECC /* Frameworks */,
				C8EF3809275A26C60064EECC /* Resources */,
				1FEE48FA3CE6366830EB3551 /* [CP] Embed Pods Frameworks */,
			);
			buildRules = (
			);
			dependencies = (
			);
			name = VKNewsFeed;
			productName = VKNewsFeed;
			productReference = C8EF380B275A26C60064EECC /* VKNewsFeed.app */;
			productType = "com.apple.product-type.application";
		};
/* End PBXNativeTarget section */

/* Begin PBXProject section */
		C8EF3803275A26C60064EECC /* Project object */ = {
			isa = PBXProject;
			attributes = {
				LastSwiftUpdateCheck = 1250;
				LastUpgradeCheck = 1250;
				TargetAttributes = {
					C8EF380A275A26C60064EECC = {
						CreatedOnToolsVersion = 12.5.1;
					};
				};
			};
			buildConfigurationList = C8EF3806275A26C60064EECC /* Build configuration list for PBXProject "VKNewsFeed" */;
			compatibilityVersion = "Xcode 9.3";
			developmentRegion = en;
			hasScannedForEncodings = 0;
			knownRegions = (
				en,
				Base,
			);
			mainGroup = C8EF3802275A26C60064EECC;
			productRefGroup = C8EF380C275A26C60064EECC /* Products */;
			projectDirPath = "";
			projectRoot = "";
			targets = (
				C8EF380A275A26C60064EECC /* VKNewsFeed */,
			);
		};
/* End PBXProject section */

/* Begin PBXResourcesBuildPhase section */
		C8EF3809275A26C60064EECC /* Resources */ = {
			isa = PBXResourcesBuildPhase;
			buildActionMask = 2147483647;
			files = (
				C8EF381B275A26CA0064EECC /* LaunchScreen.storyboard in Resources */,
				C8EF3826275A32A80064EECC /* AuthViewController.storyboard in Resources */,
				C801E5E1275CCD21008D7120 /* NewsfeedViewController.storyboard in Resources */,
				C8EF3818275A26CA0064EECC /* Assets.xcassets in Resources */,
				C801E5E6275CF309008D7120 /* NewsfeedCell.xib in Resources */,
			);
			runOnlyForDeploymentPostprocessing = 0;
		};
/* End PBXResourcesBuildPhase section */

/* Begin PBXShellScriptBuildPhase section */
		1E60B8B7B6209929B4F13962 /* [CP] Check Pods Manifest.lock */ = {
			isa = PBXShellScriptBuildPhase;
			buildActionMask = 2147483647;
			files = (
			);
			inputFileListPaths = (
			);
			inputPaths = (
				"${PODS_PODFILE_DIR_PATH}/Podfile.lock",
				"${PODS_ROOT}/Manifest.lock",
			);
			name = "[CP] Check Pods Manifest.lock";
			outputFileListPaths = (
			);
			outputPaths = (
				"$(DERIVED_FILE_DIR)/Pods-VKNewsFeed-checkManifestLockResult.txt",
			);
			runOnlyForDeploymentPostprocessing = 0;
			shellPath = /bin/sh;
			shellScript = "diff \"${PODS_PODFILE_DIR_PATH}/Podfile.lock\" \"${PODS_ROOT}/Manifest.lock\" > /dev/null\nif [ $? != 0 ] ; then\n    # print error to STDERR\n    echo \"error: The sandbox is not in sync with the Podfile.lock. Run 'pod install' or update your CocoaPods installation.\" >&2\n    exit 1\nfi\n# This output is used by Xcode 'outputs' to avoid re-running this script phase.\necho \"SUCCESS\" > \"${SCRIPT_OUTPUT_FILE_0}\"\n";
			showEnvVarsInLog = 0;
		};
		1FEE48FA3CE6366830EB3551 /* [CP] Embed Pods Frameworks */ = {
			isa = PBXShellScriptBuildPhase;
			buildActionMask = 2147483647;
			files = (
			);
			inputFileListPaths = (
				"${PODS_ROOT}/Target Support Files/Pods-VKNewsFeed/Pods-VKNewsFeed-frameworks-${CONFIGURATION}-input-files.xcfilelist",
			);
			name = "[CP] Embed Pods Frameworks";
			outputFileListPaths = (
				"${PODS_ROOT}/Target Support Files/Pods-VKNewsFeed/Pods-VKNewsFeed-frameworks-${CONFIGURATION}-output-files.xcfilelist",
			);
			runOnlyForDeploymentPostprocessing = 0;
			shellPath = /bin/sh;
			shellScript = "\"${PODS_ROOT}/Target Support Files/Pods-VKNewsFeed/Pods-VKNewsFeed-frameworks.sh\"\n";
			showEnvVarsInLog = 0;
		};
/* End PBXShellScriptBuildPhase section */

/* Begin PBXSourcesBuildPhase section */
		C8EF3807275A26C60064EECC /* Sources */ = {
			isa = PBXSourcesBuildPhase;
			buildActionMask = 2147483647;
			files = (
				C88B16B6275B99B800D2F7A1 /* FeedResponse.swift in Sources */,
				C8DFA2EB2760F3880038097D /* String + Height.swift in Sources */,
				C88B16C5275BB11800D2F7A1 /* NewsfeedViewController.swift in Sources */,
				C8EF3813275A26C60064EECC /* AuthViewController.swift in Sources */,
				C8EF380F275A26C60064EECC /* AppDelegate.swift in Sources */,
				C88B16C1275BB11800D2F7A1 /* NewsfeedPresenter.swift in Sources */,
				C88B16C3275BB11800D2F7A1 /* NewsfeedRouter.swift in Sources */,
				C8EF3811275A26C60064EECC /* SceneDelegate.swift in Sources */,
				C88B16B1275B75CC00D2F7A1 /* NetworkService.swift in Sources */,
				C88B16C4275BB11800D2F7A1 /* NewsfeedModels.swift in Sources */,
				C8DFA2E92760CC860038097D /* NewsfeedCellLayoutCalculator.swift in Sources */,
				C8F643A4275F988700434437 /* WebImageView.swift in Sources */,
				C88B16B8275BA1D900D2F7A1 /* NetworkDataFetcher.swift in Sources */,
				C88B16C2275BB11800D2F7A1 /* NewsfeedWorker.swift in Sources */,
				C8EF3823275A2D130064EECC /* AuthService.swift in Sources */,
				C88B16B3275B778E00D2F7A1 /* API.swift in Sources */,
				C801E5E4275CF261008D7120 /* NewsfeedCell.swift in Sources */,
				C88B16C6275BB11800D2F7A1 /* NewsfeedInteractor.swift in Sources */,
			);
			runOnlyForDeploymentPostprocessing = 0;
		};
/* End PBXSourcesBuildPhase section */

/* Begin PBXVariantGroup section */
		C8EF3819275A26CA0064EECC /* LaunchScreen.storyboard */ = {
			isa = PBXVariantGroup;
			children = (
				C8EF381A275A26CA0064EECC /* Base */,
			);
			name = LaunchScreen.storyboard;
			sourceTree = "<group>";
		};
/* End PBXVariantGroup section */

/* Begin XCBuildConfiguration section */
		C8EF381D275A26CA0064EECC /* Debug */ = {
			isa = XCBuildConfiguration;
			buildSettings = {
				ALWAYS_SEARCH_USER_PATHS = NO;
				CLANG_ANALYZER_NONNULL = YES;
				CLANG_ANALYZER_NUMBER_OBJECT_CONVERSION = YES_AGGRESSIVE;
				CLANG_CXX_LANGUAGE_STANDARD = "gnu++14";
				CLANG_CXX_LIBRARY = "libc++";
				CLANG_ENABLE_MODULES = YES;
				CLANG_ENABLE_OBJC_ARC = YES;
				CLANG_ENABLE_OBJC_WEAK = YES;
				CLANG_WARN_BLOCK_CAPTURE_AUTORELEASING = YES;
				CLANG_WARN_BOOL_CONVERSION = YES;
				CLANG_WARN_COMMA = YES;
				CLANG_WARN_CONSTANT_CONVERSION = YES;
				CLANG_WARN_DEPRECATED_OBJC_IMPLEMENTATIONS = YES;
				CLANG_WARN_DIRECT_OBJC_ISA_USAGE = YES_ERROR;
				CLANG_WARN_DOCUMENTATION_COMMENTS = YES;
				CLANG_WARN_EMPTY_BODY = YES;
				CLANG_WARN_ENUM_CONVERSION = YES;
				CLANG_WARN_INFINITE_RECURSION = YES;
				CLANG_WARN_INT_CONVERSION = YES;
				CLANG_WARN_NON_LITERAL_NULL_CONVERSION = YES;
				CLANG_WARN_OBJC_IMPLICIT_RETAIN_SELF = YES;
				CLANG_WARN_OBJC_LITERAL_CONVERSION = YES;
				CLANG_WARN_OBJC_ROOT_CLASS = YES_ERROR;
				CLANG_WARN_QUOTED_INCLUDE_IN_FRAMEWORK_HEADER = YES;
				CLANG_WARN_RANGE_LOOP_ANALYSIS = YES;
				CLANG_WARN_STRICT_PROTOTYPES = YES;
				CLANG_WARN_SUSPICIOUS_MOVE = YES;
				CLANG_WARN_UNGUARDED_AVAILABILITY = YES_AGGRESSIVE;
				CLANG_WARN_UNREACHABLE_CODE = YES;
				CLANG_WARN__DUPLICATE_METHOD_MATCH = YES;
				COPY_PHASE_STRIP = NO;
				DEBUG_INFORMATION_FORMAT = dwarf;
				ENABLE_STRICT_OBJC_MSGSEND = YES;
				ENABLE_TESTABILITY = YES;
				GCC_C_LANGUAGE_STANDARD = gnu11;
				GCC_DYNAMIC_NO_PIC = NO;
				GCC_NO_COMMON_BLOCKS = YES;
				GCC_OPTIMIZATION_LEVEL = 0;
				GCC_PREPROCESSOR_DEFINITIONS = (
					"DEBUG=1",
					"$(inherited)",
				);
				GCC_WARN_64_TO_32_BIT_CONVERSION = YES;
				GCC_WARN_ABOUT_RETURN_TYPE = YES_ERROR;
				GCC_WARN_UNDECLARED_SELECTOR = YES;
				GCC_WARN_UNINITIALIZED_AUTOS = YES_AGGRESSIVE;
				GCC_WARN_UNUSED_FUNCTION = YES;
				GCC_WARN_UNUSED_VARIABLE = YES;
				IPHONEOS_DEPLOYMENT_TARGET = 14.5;
				MTL_ENABLE_DEBUG_INFO = INCLUDE_SOURCE;
				MTL_FAST_MATH = YES;
				ONLY_ACTIVE_ARCH = YES;
				SDKROOT = iphoneos;
				SWIFT_ACTIVE_COMPILATION_CONDITIONS = DEBUG;
				SWIFT_OPTIMIZATION_LEVEL = "-Onone";
			};
			name = Debug;
		};
		C8EF381E275A26CA0064EECC /* Release */ = {
			isa = XCBuildConfiguration;
			buildSettings = {
				ALWAYS_SEARCH_USER_PATHS = NO;
				CLANG_ANALYZER_NONNULL = YES;
				CLANG_ANALYZER_NUMBER_OBJECT_CONVERSION = YES_AGGRESSIVE;
				CLANG_CXX_LANGUAGE_STANDARD = "gnu++14";
				CLANG_CXX_LIBRARY = "libc++";
				CLANG_ENABLE_MODULES = YES;
				CLANG_ENABLE_OBJC_ARC = YES;
				CLANG_ENABLE_OBJC_WEAK = YES;
				CLANG_WARN_BLOCK_CAPTURE_AUTORELEASING = YES;
				CLANG_WARN_BOOL_CONVERSION = YES;
				CLANG_WARN_COMMA = YES;
				CLANG_WARN_CONSTANT_CONVERSION = YES;
				CLANG_WARN_DEPRECATED_OBJC_IMPLEMENTATIONS = YES;
				CLANG_WARN_DIRECT_OBJC_ISA_USAGE = YES_ERROR;
				CLANG_WARN_DOCUMENTATION_COMMENTS = YES;
				CLANG_WARN_EMPTY_BODY = YES;
				CLANG_WARN_ENUM_CONVERSION = YES;
				CLANG_WARN_INFINITE_RECURSION = YES;
				CLANG_WARN_INT_CONVERSION = YES;
				CLANG_WARN_NON_LITERAL_NULL_CONVERSION = YES;
				CLANG_WARN_OBJC_IMPLICIT_RETAIN_SELF = YES;
				CLANG_WARN_OBJC_LITERAL_CONVERSION = YES;
				CLANG_WARN_OBJC_ROOT_CLASS = YES_ERROR;
				CLANG_WARN_QUOTED_INCLUDE_IN_FRAMEWORK_HEADER = YES;
				CLANG_WARN_RANGE_LOOP_ANALYSIS = YES;
				CLANG_WARN_STRICT_PROTOTYPES = YES;
				CLANG_WARN_SUSPICIOUS_MOVE = YES;
				CLANG_WARN_UNGUARDED_AVAILABILITY = YES_AGGRESSIVE;
				CLANG_WARN_UNREACHABLE_CODE = YES;
				CLANG_WARN__DUPLICATE_METHOD_MATCH = YES;
				COPY_PHASE_STRIP = NO;
				DEBUG_INFORMATION_FORMAT = "dwarf-with-dsym";
				ENABLE_NS_ASSERTIONS = NO;
				ENABLE_STRICT_OBJC_MSGSEND = YES;
				GCC_C_LANGUAGE_STANDARD = gnu11;
				GCC_NO_COMMON_BLOCKS = YES;
				GCC_WARN_64_TO_32_BIT_CONVERSION = YES;
				GCC_WARN_ABOUT_RETURN_TYPE = YES_ERROR;
				GCC_WARN_UNDECLARED_SELECTOR = YES;
				GCC_WARN_UNINITIALIZED_AUTOS = YES_AGGRESSIVE;
				GCC_WARN_UNUSED_FUNCTION = YES;
				GCC_WARN_UNUSED_VARIABLE = YES;
				IPHONEOS_DEPLOYMENT_TARGET = 14.5;
				MTL_ENABLE_DEBUG_INFO = NO;
				MTL_FAST_MATH = YES;
				SDKROOT = iphoneos;
				SWIFT_COMPILATION_MODE = wholemodule;
				SWIFT_OPTIMIZATION_LEVEL = "-O";
				VALIDATE_PRODUCT = YES;
			};
			name = Release;
		};
		C8EF3820275A26CA0064EECC /* Debug */ = {
			isa = XCBuildConfiguration;
			baseConfigurationReference = ED58E466E2D3BC727D92BFF5 /* Pods-VKNewsFeed.debug.xcconfig */;
			buildSettings = {
				ASSETCATALOG_COMPILER_APPICON_NAME = AppIcon;
				ASSETCATALOG_COMPILER_GLOBAL_ACCENT_COLOR_NAME = AccentColor;
				CODE_SIGN_STYLE = Automatic;
				DEVELOPMENT_TEAM = PZ4TJ9HJ8L;
				INFOPLIST_FILE = VKNewsFeed/Info.plist;
				IPHONEOS_DEPLOYMENT_TARGET = 14.5;
				LD_RUNPATH_SEARCH_PATHS = (
					"$(inherited)",
					"@executable_path/Frameworks",
				);
				PRODUCT_BUNDLE_IDENTIFIER = ru.varda.VKNewsFeed;
				PRODUCT_NAME = "$(TARGET_NAME)";
				SWIFT_VERSION = 5.0;
				TARGETED_DEVICE_FAMILY = 1;
			};
			name = Debug;
		};
		C8EF3821275A26CA0064EECC /* Release */ = {
			isa = XCBuildConfiguration;
			baseConfigurationReference = 031B1FA4FCF763974D0271DE /* Pods-VKNewsFeed.release.xcconfig */;
			buildSettings = {
				ASSETCATALOG_COMPILER_APPICON_NAME = AppIcon;
				ASSETCATALOG_COMPILER_GLOBAL_ACCENT_COLOR_NAME = AccentColor;
				CODE_SIGN_STYLE = Automatic;
				DEVELOPMENT_TEAM = PZ4TJ9HJ8L;
				INFOPLIST_FILE = VKNewsFeed/Info.plist;
				IPHONEOS_DEPLOYMENT_TARGET = 14.5;
				LD_RUNPATH_SEARCH_PATHS = (
					"$(inherited)",
					"@executable_path/Frameworks",
				);
				PRODUCT_BUNDLE_IDENTIFIER = ru.varda.VKNewsFeed;
				PRODUCT_NAME = "$(TARGET_NAME)";
				SWIFT_VERSION = 5.0;
				TARGETED_DEVICE_FAMILY = 1;
			};
			name = Release;
		};
/* End XCBuildConfiguration section */

/* Begin XCConfigurationList section */
		C8EF3806275A26C60064EECC /* Build configuration list for PBXProject "VKNewsFeed" */ = {
			isa = XCConfigurationList;
			buildConfigurations = (
				C8EF381D275A26CA0064EECC /* Debug */,
				C8EF381E275A26CA0064EECC /* Release */,
			);
			defaultConfigurationIsVisible = 0;
			defaultConfigurationName = Release;
		};
		C8EF381F275A26CA0064EECC /* Build configuration list for PBXNativeTarget "VKNewsFeed" */ = {
			isa = XCConfigurationList;
			buildConfigurations = (
				C8EF3820275A26CA0064EECC /* Debug */,
				C8EF3821275A26CA0064EECC /* Release */,
			);
			defaultConfigurationIsVisible = 0;
			defaultConfigurationName = Release;
		};
/* End XCConfigurationList section */
	};
	rootObject = C8EF3803275A26C60064EECC /* Project object */;
}
